// !$*UTF8*$!
{
	archiveVersion = 1;
	classes = {
	};
	objectVersion = 48;
	objects = {

/* Begin PBXBuildFile section */
		05ACE7DA8435080AC84E1D80 /* Pods_flix.framework in Frameworks */ = {isa = PBXBuildFile; fileRef = EB373AD7A25844ECEC202628 /* Pods_flix.framework */; };
		3A618EA39BA270EE9950310B /* Pods_flixTests.framework in Frameworks */ = {isa = PBXBuildFile; fileRef = E96B0545C5EB69178BD9896C /* Pods_flixTests.framework */; };
		8F53B20120224ECA00C545D1 /* AppDelegate.swift in Sources */ = {isa = PBXBuildFile; fileRef = 8F53B20020224ECA00C545D1 /* AppDelegate.swift */; };
		8F53B20620224ECA00C545D1 /* Main.storyboard in Resources */ = {isa = PBXBuildFile; fileRef = 8F53B20420224ECA00C545D1 /* Main.storyboard */; };
		8F53B20820224ECA00C545D1 /* Assets.xcassets in Resources */ = {isa = PBXBuildFile; fileRef = 8F53B20720224ECA00C545D1 /* Assets.xcassets */; };
		8F53B20B20224ECA00C545D1 /* LaunchScreen.storyboard in Resources */ = {isa = PBXBuildFile; fileRef = 8F53B20920224ECA00C545D1 /* LaunchScreen.storyboard */; };
		8F53B21620224ECA00C545D1 /* flixTests.swift in Sources */ = {isa = PBXBuildFile; fileRef = 8F53B21520224ECA00C545D1 /* flixTests.swift */; };
		8F53B22120224ECA00C545D1 /* flixUITests.swift in Sources */ = {isa = PBXBuildFile; fileRef = 8F53B22020224ECA00C545D1 /* flixUITests.swift */; };
		8F53B23120225A1300C545D1 /* NowPlayingViewController.swift in Sources */ = {isa = PBXBuildFile; fileRef = 8F53B23020225A1300C545D1 /* NowPlayingViewController.swift */; };
		8F53B2332022675900C545D1 /* MovieCell.swift in Sources */ = {isa = PBXBuildFile; fileRef = 8F53B2322022675900C545D1 /* MovieCell.swift */; };
		EB7C45D587CB1BB5CEE74F70 /* Pods_flixUITests.framework in Frameworks */ = {isa = PBXBuildFile; fileRef = F2039C4364AC65DB60B2164C /* Pods_flixUITests.framework */; };
/* End PBXBuildFile section */

/* Begin PBXContainerItemProxy section */
		8F53B21220224ECA00C545D1 /* PBXContainerItemProxy */ = {
			isa = PBXContainerItemProxy;
			containerPortal = 8F53B1F520224ECA00C545D1 /* Project object */;
			proxyType = 1;
			remoteGlobalIDString = 8F53B1FC20224ECA00C545D1;
			remoteInfo = flix;
		};
		8F53B21D20224ECA00C545D1 /* PBXContainerItemProxy */ = {
			isa = PBXContainerItemProxy;
			containerPortal = 8F53B1F520224ECA00C545D1 /* Project object */;
			proxyType = 1;
			remoteGlobalIDString = 8F53B1FC20224ECA00C545D1;
			remoteInfo = flix;
		};
/* End PBXContainerItemProxy section */

/* Begin PBXFileReference section */
		266BEC199E6135E68E719FE4 /* Pods-flixUITests.debug.xcconfig */ = {isa = PBXFileReference; includeInIndex = 1; lastKnownFileType = text.xcconfig; name = "Pods-flixUITests.debug.xcconfig"; path = "Pods/Target Support Files/Pods-flixUITests/Pods-flixUITests.debug.xcconfig"; sourceTree = "<group>"; };
		2CB37205C08CCD0A4CF13705 /* Pods-flix.debug.xcconfig */ = {isa = PBXFileReference; includeInIndex = 1; lastKnownFileType = text.xcconfig; name = "Pods-flix.debug.xcconfig"; path = "Pods/Target Support Files/Pods-flix/Pods-flix.debug.xcconfig"; sourceTree = "<group>"; };
		8F53B1FD20224ECA00C545D1 /* flix.app */ = {isa = PBXFileReference; explicitFileType = wrapper.application; includeInIndex = 0; path = flix.app; sourceTree = BUILT_PRODUCTS_DIR; };
		8F53B20020224ECA00C545D1 /* AppDelegate.swift */ = {isa = PBXFileReference; lastKnownFileType = sourcecode.swift; path = AppDelegate.swift; sourceTree = "<group>"; };
		8F53B20520224ECA00C545D1 /* Base */ = {isa = PBXFileReference; lastKnownFileType = file.storyboard; name = Base; path = Base.lproj/Main.storyboard; sourceTree = "<group>"; };
		8F53B20720224ECA00C545D1 /* Assets.xcassets */ = {isa = PBXFileReference; lastKnownFileType = folder.assetcatalog; path = Assets.xcassets; sourceTree = "<group>"; };
		8F53B20A20224ECA00C545D1 /* Base */ = {isa = PBXFileReference; lastKnownFileType = file.storyboard; name = Base; path = Base.lproj/LaunchScreen.storyboard; sourceTree = "<group>"; };
		8F53B20C20224ECA00C545D1 /* Info.plist */ = {isa = PBXFileReference; lastKnownFileType = text.plist.xml; path = Info.plist; sourceTree = "<group>"; };
		8F53B21120224ECA00C545D1 /* flixTests.xctest */ = {isa = PBXFileReference; explicitFileType = wrapper.cfbundle; includeInIndex = 0; path = flixTests.xctest; sourceTree = BUILT_PRODUCTS_DIR; };
		8F53B21520224ECA00C545D1 /* flixTests.swift */ = {isa = PBXFileReference; lastKnownFileType = sourcecode.swift; path = flixTests.swift; sourceTree = "<group>"; };
		8F53B21720224ECA00C545D1 /* Info.plist */ = {isa = PBXFileReference; lastKnownFileType = text.plist.xml; path = Info.plist; sourceTree = "<group>"; };
		8F53B21C20224ECA00C545D1 /* flixUITests.xctest */ = {isa = PBXFileReference; explicitFileType = wrapper.cfbundle; includeInIndex = 0; path = flixUITests.xctest; sourceTree = BUILT_PRODUCTS_DIR; };
		8F53B22020224ECA00C545D1 /* flixUITests.swift */ = {isa = PBXFileReference; lastKnownFileType = sourcecode.swift; path = flixUITests.swift; sourceTree = "<group>"; };
		8F53B22220224ECA00C545D1 /* Info.plist */ = {isa = PBXFileReference; lastKnownFileType = text.plist.xml; path = Info.plist; sourceTree = "<group>"; };
		8F53B23020225A1300C545D1 /* NowPlayingViewController.swift */ = {isa = PBXFileReference; lastKnownFileType = sourcecode.swift; path = NowPlayingViewController.swift; sourceTree = "<group>"; };
		8F53B2322022675900C545D1 /* MovieCell.swift */ = {isa = PBXFileReference; lastKnownFileType = sourcecode.swift; path = MovieCell.swift; sourceTree = "<group>"; };
		C7B8289FA83999170E6B182A /* Pods-flix.release.xcconfig */ = {isa = PBXFileReference; includeInIndex = 1; lastKnownFileType = text.xcconfig; name = "Pods-flix.release.xcconfig"; path = "Pods/Target Support Files/Pods-flix/Pods-flix.release.xcconfig"; sourceTree = "<group>"; };
		E3B659810104EB22001A6C74 /* Pods-flixUITests.release.xcconfig */ = {isa = PBXFileReference; includeInIndex = 1; lastKnownFileType = text.xcconfig; name = "Pods-flixUITests.release.xcconfig"; path = "Pods/Target Support Files/Pods-flixUITests/Pods-flixUITests.release.xcconfig"; sourceTree = "<group>"; };
		E96B0545C5EB69178BD9896C /* Pods_flixTests.framework */ = {isa = PBXFileReference; explicitFileType = wrapper.framework; includeInIndex = 0; path = Pods_flixTests.framework; sourceTree = BUILT_PRODUCTS_DIR; };
		EB373AD7A25844ECEC202628 /* Pods_flix.framework */ = {isa = PBXFileReference; explicitFileType = wrapper.framework; includeInIndex = 0; path = Pods_flix.framework; sourceTree = BUILT_PRODUCTS_DIR; };
		F2039C4364AC65DB60B2164C /* Pods_flixUITests.framework */ = {isa = PBXFileReference; explicitFileType = wrapper.framework; includeInIndex = 0; path = Pods_flixUITests.framework; sourceTree = BUILT_PRODUCTS_DIR; };
		F569FEBA93F2FCA28836CA02 /* Pods-flixTests.debug.xcconfig */ = {isa = PBXFileReference; includeInIndex = 1; lastKnownFileType = text.xcconfig; name = "Pods-flixTests.debug.xcconfig"; path = "Pods/Target Support Files/Pods-flixTests/Pods-flixTests.debug.xcconfig"; sourceTree = "<group>"; };
		FE3E8F6C7BC6819E67428EC7 /* Pods-flixTests.release.xcconfig */ = {isa = PBXFileReference; includeInIndex = 1; lastKnownFileType = text.xcconfig; name = "Pods-flixTests.release.xcconfig"; path = "Pods/Target Support Files/Pods-flixTests/Pods-flixTests.release.xcconfig"; sourceTree = "<group>"; };
/* End PBXFileReference section */

/* Begin PBXFrameworksBuildPhase section */
		8F53B1FA20224ECA00C545D1 /* Frameworks */ = {
			isa = PBXFrameworksBuildPhase;
			buildActionMask = 2147483647;
			files = (
				05ACE7DA8435080AC84E1D80 /* Pods_flix.framework in Frameworks */,
			);
			runOnlyForDeploymentPostprocessing = 0;
		};
		8F53B20E20224ECA00C545D1 /* Frameworks */ = {
			isa = PBXFrameworksBuildPhase;
			buildActionMask = 2147483647;
			files = (
				3A618EA39BA270EE9950310B /* Pods_flixTests.framework in Frameworks */,
			);
			runOnlyForDeploymentPostprocessing = 0;
		};
		8F53B21920224ECA00C545D1 /* Frameworks */ = {
			isa = PBXFrameworksBuildPhase;
			buildActionMask = 2147483647;
			files = (
				EB7C45D587CB1BB5CEE74F70 /* Pods_flixUITests.framework in Frameworks */,
			);
			runOnlyForDeploymentPostprocessing = 0;
		};
/* End PBXFrameworksBuildPhase section */

/* Begin PBXGroup section */
		7D5CD9477EBCAD2978D7B93D /* Pods */ = {
			isa = PBXGroup;
			children = (
				2CB37205C08CCD0A4CF13705 /* Pods-flix.debug.xcconfig */,
				C7B8289FA83999170E6B182A /* Pods-flix.release.xcconfig */,
				F569FEBA93F2FCA28836CA02 /* Pods-flixTests.debug.xcconfig */,
				FE3E8F6C7BC6819E67428EC7 /* Pods-flixTests.release.xcconfig */,
				266BEC199E6135E68E719FE4 /* Pods-flixUITests.debug.xcconfig */,
				E3B659810104EB22001A6C74 /* Pods-flixUITests.release.xcconfig */,
			);
			name = Pods;
			sourceTree = "<group>";
		};
		8F53B1F420224ECA00C545D1 = {
			isa = PBXGroup;
			children = (
				8F53B1FF20224ECA00C545D1 /* flix */,
				8F53B21420224ECA00C545D1 /* flixTests */,
				8F53B21F20224ECA00C545D1 /* flixUITests */,
				8F53B1FE20224ECA00C545D1 /* Products */,
				7D5CD9477EBCAD2978D7B93D /* Pods */,
				AA5C5FCADBB46D87CEF41613 /* Frameworks */,
			);
			sourceTree = "<group>";
		};
		8F53B1FE20224ECA00C545D1 /* Products */ = {
			isa = PBXGroup;
			children = (
				8F53B1FD20224ECA00C545D1 /* flix.app */,
				8F53B21120224ECA00C545D1 /* flixTests.xctest */,
				8F53B21C20224ECA00C545D1 /* flixUITests.xctest */,
			);
			name = Products;
			sourceTree = "<group>";
		};
		8F53B1FF20224ECA00C545D1 /* flix */ = {
			isa = PBXGroup;
			children = (
				8F53B20020224ECA00C545D1 /* AppDelegate.swift */,
				8F53B23020225A1300C545D1 /* NowPlayingViewController.swift */,
				8F53B20420224ECA00C545D1 /* Main.storyboard */,
				8F53B20720224ECA00C545D1 /* Assets.xcassets */,
				8F53B20920224ECA00C545D1 /* LaunchScreen.storyboard */,
				8F53B20C20224ECA00C545D1 /* Info.plist */,
				8F53B2322022675900C545D1 /* MovieCell.swift */,
			);
			path = flix;
			sourceTree = "<group>";
		};
		8F53B21420224ECA00C545D1 /* flixTests */ = {
			isa = PBXGroup;
			children = (
				8F53B21520224ECA00C545D1 /* flixTests.swift */,
				8F53B21720224ECA00C545D1 /* Info.plist */,
			);
			path = flixTests;
			sourceTree = "<group>";
		};
		8F53B21F20224ECA00C545D1 /* flixUITests */ = {
			isa = PBXGroup;
			children = (
				8F53B22020224ECA00C545D1 /* flixUITests.swift */,
				8F53B22220224ECA00C545D1 /* Info.plist */,
			);
			path = flixUITests;
			sourceTree = "<group>";
		};
		AA5C5FCADBB46D87CEF41613 /* Frameworks */ = {
			isa = PBXGroup;
			children = (
				EB373AD7A25844ECEC202628 /* Pods_flix.framework */,
				E96B0545C5EB69178BD9896C /* Pods_flixTests.framework */,
				F2039C4364AC65DB60B2164C /* Pods_flixUITests.framework */,
			);
			name = Frameworks;
			sourceTree = "<group>";
		};
/* End PBXGroup section */

/* Begin PBXNativeTarget section */
		8F53B1FC20224ECA00C545D1 /* flix */ = {
			isa = PBXNativeTarget;
			buildConfigurationList = 8F53B22520224ECB00C545D1 /* Build configuration list for PBXNativeTarget "flix" */;
			buildPhases = (
				9FA1E245A2BF7FE2118A6260 /* [CP] Check Pods Manifest.lock */,
				8F53B1F920224ECA00C545D1 /* Sources */,
				8F53B1FA20224ECA00C545D1 /* Frameworks */,
				8F53B1FB20224ECA00C545D1 /* Resources */,
				AB6F671494F9A47A17D38F18 /* [CP] Embed Pods Frameworks */,
				B398B84D940A77487F41AB3E /* [CP] Copy Pods Resources */,
			);
			buildRules = (
			);
			dependencies = (
			);
			name = flix;
			productName = flix;
			productReference = 8F53B1FD20224ECA00C545D1 /* flix.app */;
			productType = "com.apple.product-type.application";
		};
		8F53B21020224ECA00C545D1 /* flixTests */ = {
			isa = PBXNativeTarget;
			buildConfigurationList = 8F53B22820224ECB00C545D1 /* Build configuration list for PBXNativeTarget "flixTests" */;
			buildPhases = (
				4B7E1DCBCAA8902A33231B3C /* [CP] Check Pods Manifest.lock */,
				8F53B20D20224ECA00C545D1 /* Sources */,
				8F53B20E20224ECA00C545D1 /* Frameworks */,
				8F53B20F20224ECA00C545D1 /* Resources */,
				6ACEA57D7D851233C4F2917C /* [CP] Embed Pods Frameworks */,
				149ED9CCF3693D434576B9A2 /* [CP] Copy Pods Resources */,
			);
			buildRules = (
			);
			dependencies = (
				8F53B21320224ECA00C545D1 /* PBXTargetDependency */,
			);
			name = flixTests;
			productName = flixTests;
			productReference = 8F53B21120224ECA00C545D1 /* flixTests.xctest */;
			productType = "com.apple.product-type.bundle.unit-test";
		};
		8F53B21B20224ECA00C545D1 /* flixUITests */ = {
			isa = PBXNativeTarget;
			buildConfigurationList = 8F53B22B20224ECB00C545D1 /* Build configuration list for PBXNativeTarget "flixUITests" */;
			buildPhases = (
				99853DBB5DE369C148892F56 /* [CP] Check Pods Manifest.lock */,
				8F53B21820224ECA00C545D1 /* Sources */,
				8F53B21920224ECA00C545D1 /* Frameworks */,
				8F53B21A20224ECA00C545D1 /* Resources */,
				F10360BC9E993676A8A57B7B /* [CP] Embed Pods Frameworks */,
				7B4C10E88F6A19A2D0EE9382 /* [CP] Copy Pods Resources */,
			);
			buildRules = (
			);
			dependencies = (
				8F53B21E20224ECA00C545D1 /* PBXTargetDependency */,
			);
			name = flixUITests;
			productName = flixUITests;
			productReference = 8F53B21C20224ECA00C545D1 /* flixUITests.xctest */;
			productType = "com.apple.product-type.bundle.ui-testing";
		};
/* End PBXNativeTarget section */

/* Begin PBXProject section */
		8F53B1F520224ECA00C545D1 /* Project object */ = {
			isa = PBXProject;
			attributes = {
				LastSwiftUpdateCheck = 0920;
				LastUpgradeCheck = 0920;
				ORGANIZATIONNAME = "Jiaqi He";
				TargetAttributes = {
					8F53B1FC20224ECA00C545D1 = {
						CreatedOnToolsVersion = 9.2;
						ProvisioningStyle = Automatic;
					};
					8F53B21020224ECA00C545D1 = {
						CreatedOnToolsVersion = 9.2;
						ProvisioningStyle = Automatic;
						TestTargetID = 8F53B1FC20224ECA00C545D1;
					};
					8F53B21B20224ECA00C545D1 = {
						CreatedOnToolsVersion = 9.2;
						ProvisioningStyle = Automatic;
						TestTargetID = 8F53B1FC20224ECA00C545D1;
					};
				};
			};
			buildConfigurationList = 8F53B1F820224ECA00C545D1 /* Build configuration list for PBXProject "flix" */;
			compatibilityVersion = "Xcode 8.0";
			developmentRegion = en;
			hasScannedForEncodings = 0;
			knownRegions = (
				en,
				Base,
			);
			mainGroup = 8F53B1F420224ECA00C545D1;
			productRefGroup = 8F53B1FE20224ECA00C545D1 /* Products */;
			projectDirPath = "";
			projectRoot = "";
			targets = (
				8F53B1FC20224ECA00C545D1 /* flix */,
				8F53B21020224ECA00C545D1 /* flixTests */,
				8F53B21B20224ECA00C545D1 /* flixUITests */,
			);
		};
/* End PBXProject section */

/* Begin PBXResourcesBuildPhase section */
		8F53B1FB20224ECA00C545D1 /* Resources */ = {
			isa = PBXResourcesBuildPhase;
			buildActionMask = 2147483647;
			files = (
				8F53B20B20224ECA00C545D1 /* LaunchScreen.storyboard in Resources */,
				8F53B20820224ECA00C545D1 /* Assets.xcassets in Resources */,
				8F53B20620224ECA00C545D1 /* Main.storyboard in Resources */,
			);
			runOnlyForDeploymentPostprocessing = 0;
		};
		8F53B20F20224ECA00C545D1 /* Resources */ = {
			isa = PBXResourcesBuildPhase;
			buildActionMask = 2147483647;
			files = (
			);
			runOnlyForDeploymentPostprocessing = 0;
		};
		8F53B21A20224ECA00C545D1 /* Resources */ = {
			isa = PBXResourcesBuildPhase;
			buildActionMask = 2147483647;
			files = (
			);
			runOnlyForDeploymentPostprocessing = 0;
		};
/* End PBXResourcesBuildPhase section */

/* Begin PBXShellScriptBuildPhase section */
		149ED9CCF3693D434576B9A2 /* [CP] Copy Pods Resources */ = {
			isa = PBXShellScriptBuildPhase;
			buildActionMask = 2147483647;
			files = (
			);
			inputPaths = (
			);
			name = "[CP] Copy Pods Resources";
			outputPaths = (
			);
			runOnlyForDeploymentPostprocessing = 0;
			shellPath = /bin/sh;
			shellScript = "\"${SRCROOT}/Pods/Target Support Files/Pods-flixTests/Pods-flixTests-resources.sh\"\n";
			showEnvVarsInLog = 0;
		};
		4B7E1DCBCAA8902A33231B3C /* [CP] Check Pods Manifest.lock */ = {
			isa = PBXShellScriptBuildPhase;
			buildActionMask = 2147483647;
			files = (
			);
			inputPaths = (
				"${PODS_PODFILE_DIR_PATH}/Podfile.lock",
				"${PODS_ROOT}/Manifest.lock",
			);
			name = "[CP] Check Pods Manifest.lock";
			outputPaths = (
				"$(DERIVED_FILE_DIR)/Pods-flixTests-checkManifestLockResult.txt",
			);
			runOnlyForDeploymentPostprocessing = 0;
			shellPath = /bin/sh;
			shellScript = "diff \"${PODS_PODFILE_DIR_PATH}/Podfile.lock\" \"${PODS_ROOT}/Manifest.lock\" > /dev/null\nif [ $? != 0 ] ; then\n    # print error to STDERR\n    echo \"error: The sandbox is not in sync with the Podfile.lock. Run 'pod install' or update your CocoaPods installation.\" >&2\n    exit 1\nfi\n# This output is used by Xcode 'outputs' to avoid re-running this script phase.\necho \"SUCCESS\" > \"${SCRIPT_OUTPUT_FILE_0}\"\n";
			showEnvVarsInLog = 0;
		};
		6ACEA57D7D851233C4F2917C /* [CP] Embed Pods Frameworks */ = {
			isa = PBXShellScriptBuildPhase;
			buildActionMask = 2147483647;
			files = (
			);
			inputPaths = (
			);
			name = "[CP] Embed Pods Frameworks";
			outputPaths = (
			);
			runOnlyForDeploymentPostprocessing = 0;
			shellPath = /bin/sh;
			shellScript = "\"${SRCROOT}/Pods/Target Support Files/Pods-flixTests/Pods-flixTests-frameworks.sh\"\n";
			showEnvVarsInLog = 0;
		};
		7B4C10E88F6A19A2D0EE9382 /* [CP] Copy Pods Resources */ = {
			isa = PBXShellScriptBuildPhase;
			buildActionMask = 2147483647;
			files = (
			);
			inputPaths = (
			);
			name = "[CP] Copy Pods Resources";
			outputPaths = (
			);
			runOnlyForDeploymentPostprocessing = 0;
			shellPath = /bin/sh;
			shellScript = "\"${SRCROOT}/Pods/Target Support Files/Pods-flixUITests/Pods-flixUITests-resources.sh\"\n";
			showEnvVarsInLog = 0;
		};
		99853DBB5DE369C148892F56 /* [CP] Check Pods Manifest.lock */ = {
			isa = PBXShellScriptBuildPhase;
			buildActionMask = 2147483647;
			files = (
			);
			inputPaths = (
				"${PODS_PODFILE_DIR_PATH}/Podfile.lock",
				"${PODS_ROOT}/Manifest.lock",
			);
			name = "[CP] Check Pods Manifest.lock";
			outputPaths = (
				"$(DERIVED_FILE_DIR)/Pods-flixUITests-checkManifestLockResult.txt",
			);
			runOnlyForDeploymentPostprocessing = 0;
			shellPath = /bin/sh;
			shellScript = "diff \"${PODS_PODFILE_DIR_PATH}/Podfile.lock\" \"${PODS_ROOT}/Manifest.lock\" > /dev/null\nif [ $? != 0 ] ; then\n    # print error to STDERR\n    echo \"error: The sandbox is not in sync with the Podfile.lock. Run 'pod install' or update your CocoaPods installation.\" >&2\n    exit 1\nfi\n# This output is used by Xcode 'outputs' to avoid re-running this script phase.\necho \"SUCCESS\" > \"${SCRIPT_OUTPUT_FILE_0}\"\n";
			showEnvVarsInLog = 0;
		};
		9FA1E245A2BF7FE2118A6260 /* [CP] Check Pods Manifest.lock */ = {
			isa = PBXShellScriptBuildPhase;
			buildActionMask = 2147483647;
			files = (
			);
			inputPaths = (
				"${PODS_PODFILE_DIR_PATH}/Podfile.lock",
				"${PODS_ROOT}/Manifest.lock",
			);
			name = "[CP] Check Pods Manifest.lock";
			outputPaths = (
				"$(DERIVED_FILE_DIR)/Pods-flix-checkManifestLockResult.txt",
			);
			runOnlyForDeploymentPostprocessing = 0;
			shellPath = /bin/sh;
			shellScript = "diff \"${PODS_PODFILE_DIR_PATH}/Podfile.lock\" \"${PODS_ROOT}/Manifest.lock\" > /dev/null\nif [ $? != 0 ] ; then\n    # print error to STDERR\n    echo \"error: The sandbox is not in sync with the Podfile.lock. Run 'pod install' or update your CocoaPods installation.\" >&2\n    exit 1\nfi\n# This output is used by Xcode 'outputs' to avoid re-running this script phase.\necho \"SUCCESS\" > \"${SCRIPT_OUTPUT_FILE_0}\"\n";
			showEnvVarsInLog = 0;
		};
		AB6F671494F9A47A17D38F18 /* [CP] Embed Pods Frameworks */ = {
			isa = PBXShellScriptBuildPhase;
			buildActionMask = 2147483647;
			files = (
			);
			inputPaths = (
				"${SRCROOT}/Pods/Target Support Files/Pods-flix/Pods-flix-frameworks.sh",
				"${BUILT_PRODUCTS_DIR}/Alamofire/Alamofire.framework",
				"${BUILT_PRODUCTS_DIR}/AlamofireImage/AlamofireImage.framework",
			);
			name = "[CP] Embed Pods Frameworks";
			outputPaths = (
				"${TARGET_BUILD_DIR}/${FRAMEWORKS_FOLDER_PATH}/Alamofire.framework",
				"${TARGET_BUILD_DIR}/${FRAMEWORKS_FOLDER_PATH}/AlamofireImage.framework",
			);
			runOnlyForDeploymentPostprocessing = 0;
			shellPath = /bin/sh;
			shellScript = "\"${SRCROOT}/Pods/Target Support Files/Pods-flix/Pods-flix-frameworks.sh\"\n";
			showEnvVarsInLog = 0;
		};
		B398B84D940A77487F41AB3E /* [CP] Copy Pods Resources */ = {
			isa = PBXShellScriptBuildPhase;
			buildActionMask = 2147483647;
			files = (
			);
			inputPaths = (
			);
			name = "[CP] Copy Pods Resources";
			outputPaths = (
			);
			runOnlyForDeploymentPostprocessing = 0;
			shellPath = /bin/sh;
			shellScript = "\"${SRCROOT}/Pods/Target Support Files/Pods-flix/Pods-flix-resources.sh\"\n";
			showEnvVarsInLog = 0;
		};
		F10360BC9E993676A8A57B7B /* [CP] Embed Pods Frameworks */ = {
			isa = PBXShellScriptBuildPhase;
			buildActionMask = 2147483647;
			files = (
			);
			inputPaths = (
			);
			name = "[CP] Embed Pods Frameworks";
			outputPaths = (
			);
			runOnlyForDeploymentPostprocessing = 0;
			shellPath = /bin/sh;
			shellScript = "\"${SRCROOT}/Pods/Target Support Files/Pods-flixUITests/Pods-flixUITests-frameworks.sh\"\n";
			showEnvVarsInLog = 0;
		};
/* End PBXShellScriptBuildPhase section */

/* Begin PBXSourcesBuildPhase section */
		8F53B1F920224ECA00C545D1 /* Sources */ = {
			isa = PBXSourcesBuildPhase;
			buildActionMask = 2147483647;
			files = (
				8F53B23120225A1300C545D1 /* NowPlayingViewController.swift in Sources */,
				8F53B20120224ECA00C545D1 /* AppDelegate.swift in Sources */,
				8F53B2332022675900C545D1 /* MovieCell.swift in Sources */,
			);
			runOnlyForDeploymentPostprocessing = 0;
		};
		8F53B20D20224ECA00C545D1 /* Sources */ = {
			isa = PBXSourcesBuildPhase;
			buildActionMask = 2147483647;
			files = (
				8F53B21620224ECA00C545D1 /* flixTests.swift in Sources */,
			);
			runOnlyForDeploymentPostprocessing = 0;
		};
		8F53B21820224ECA00C545D1 /* Sources */ = {
			isa = PBXSourcesBuildPhase;
			buildActionMask = 2147483647;
			files = (
				8F53B22120224ECA00C545D1 /* flixUITests.swift in Sources */,
			);
			runOnlyForDeploymentPostprocessing = 0;
		};
/* End PBXSourcesBuildPhase section */

/* Begin PBXTargetDependency section */
		8F53B21320224ECA00C545D1 /* PBXTargetDependency */ = {
			isa = PBXTargetDependency;
			target = 8F53B1FC20224ECA00C545D1 /* flix */;
			targetProxy = 8F53B21220224ECA00C545D1 /* PBXContainerItemProxy */;
		};
		8F53B21E20224ECA00C545D1 /* PBXTargetDependency */ = {
			isa = PBXTargetDependency;
			target = 8F53B1FC20224ECA00C545D1 /* flix */;
			targetProxy = 8F53B21D20224ECA00C545D1 /* PBXContainerItemProxy */;
		};
/* End PBXTargetDependency section */

/* Begin PBXVariantGroup section */
		8F53B20420224ECA00C545D1 /* Main.storyboard */ = {
			isa = PBXVariantGroup;
			children = (
				8F53B20520224ECA00C545D1 /* Base */,
			);
			name = Main.storyboard;
			sourceTree = "<group>";
		};
		8F53B20920224ECA00C545D1 /* LaunchScreen.storyboard */ = {
			isa = PBXVariantGroup;
			children = (
				8F53B20A20224ECA00C545D1 /* Base */,
			);
			name = LaunchScreen.storyboard;
			sourceTree = "<group>";
		};
/* End PBXVariantGroup section */

/* Begin XCBuildConfiguration section */
		8F53B22320224ECB00C545D1 /* Debug */ = {
			isa = XCBuildConfiguration;
			buildSettings = {
				ALWAYS_SEARCH_USER_PATHS = NO;
				CLANG_ANALYZER_NONNULL = YES;
				CLANG_ANALYZER_NUMBER_OBJECT_CONVERSION = YES_AGGRESSIVE;
				CLANG_CXX_LANGUAGE_STANDARD = "gnu++14";
				CLANG_CXX_LIBRARY = "libc++";
				CLANG_ENABLE_MODULES = YES;
				CLANG_ENABLE_OBJC_ARC = YES;
				CLANG_WARN_BLOCK_CAPTURE_AUTORELEASING = YES;
				CLANG_WARN_BOOL_CONVERSION = YES;
				CLANG_WARN_COMMA = YES;
				CLANG_WARN_CONSTANT_CONVERSION = YES;
				CLANG_WARN_DIRECT_OBJC_ISA_USAGE = YES_ERROR;
				CLANG_WARN_DOCUMENTATION_COMMENTS = YES;
				CLANG_WARN_EMPTY_BODY = YES;
				CLANG_WARN_ENUM_CONVERSION = YES;
				CLANG_WARN_INFINITE_RECURSION = YES;
				CLANG_WARN_INT_CONVERSION = YES;
				CLANG_WARN_NON_LITERAL_NULL_CONVERSION = YES;
				CLANG_WARN_OBJC_LITERAL_CONVERSION = YES;
				CLANG_WARN_OBJC_ROOT_CLASS = YES_ERROR;
				CLANG_WARN_RANGE_LOOP_ANALYSIS = YES;
				CLANG_WARN_STRICT_PROTOTYPES = YES;
				CLANG_WARN_SUSPICIOUS_MOVE = YES;
				CLANG_WARN_UNGUARDED_AVAILABILITY = YES_AGGRESSIVE;
				CLANG_WARN_UNREACHABLE_CODE = YES;
				CLANG_WARN__DUPLICATE_METHOD_MATCH = YES;
				CODE_SIGN_IDENTITY = "iPhone Developer";
				COPY_PHASE_STRIP = NO;
				DEBUG_INFORMATION_FORMAT = dwarf;
				ENABLE_STRICT_OBJC_MSGSEND = YES;
				ENABLE_TESTABILITY = YES;
				GCC_C_LANGUAGE_STANDARD = gnu11;
				GCC_DYNAMIC_NO_PIC = NO;
				GCC_NO_COMMON_BLOCKS = YES;
				GCC_OPTIMIZATION_LEVEL = 0;
				GCC_PREPROCESSOR_DEFINITIONS = (
					"DEBUG=1",
					"$(inherited)",
				);
				GCC_WARN_64_TO_32_BIT_CONVERSION = YES;
				GCC_WARN_ABOUT_RETURN_TYPE = YES_ERROR;
				GCC_WARN_UNDECLARED_SELECTOR = YES;
				GCC_WARN_UNINITIALIZED_AUTOS = YES_AGGRESSIVE;
				GCC_WARN_UNUSED_FUNCTION = YES;
				GCC_WARN_UNUSED_VARIABLE = YES;
				IPHONEOS_DEPLOYMENT_TARGET = 11.2;
				MTL_ENABLE_DEBUG_INFO = YES;
				ONLY_ACTIVE_ARCH = YES;
				SDKROOT = iphoneos;
				SWIFT_ACTIVE_COMPILATION_CONDITIONS = DEBUG;
				SWIFT_OPTIMIZATION_LEVEL = "-Onone";
			};
			name = Debug;
		};
		8F53B22420224ECB00C545D1 /* Release */ = {
			isa = XCBuildConfiguration;
			buildSettings = {
				ALWAYS_SEARCH_USER_PATHS = NO;
				CLANG_ANALYZER_NONNULL = YES;
				CLANG_ANALYZER_NUMBER_OBJECT_CONVERSION = YES_AGGRESSIVE;
				CLANG_CXX_LANGUAGE_STANDARD = "gnu++14";
				CLANG_CXX_LIBRARY = "libc++";
				CLANG_ENABLE_MODULES = YES;
				CLANG_ENABLE_OBJC_ARC = YES;
				CLANG_WARN_BLOCK_CAPTURE_AUTORELEASING = YES;
				CLANG_WARN_BOOL_CONVERSION = YES;
				CLANG_WARN_COMMA = YES;
				CLANG_WARN_CONSTANT_CONVERSION = YES;
				CLANG_WARN_DIRECT_OBJC_ISA_USAGE = YES_ERROR;
				CLANG_WARN_DOCUMENTATION_COMMENTS = YES;
				CLANG_WARN_EMPTY_BODY = YES;
				CLANG_WARN_ENUM_CONVERSION = YES;
				CLANG_WARN_INFINITE_RECURSION = YES;
				CLANG_WARN_INT_CONVERSION = YES;
				CLANG_WARN_NON_LITERAL_NULL_CONVERSION = YES;
				CLANG_WARN_OBJC_LITERAL_CONVERSION = YES;
				CLANG_WARN_OBJC_ROOT_CLASS = YES_ERROR;
				CLANG_WARN_RANGE_LOOP_ANALYSIS = YES;
				CLANG_WARN_STRICT_PROTOTYPES = YES;
				CLANG_WARN_SUSPICIOUS_MOVE = YES;
				CLANG_WARN_UNGUARDED_AVAILABILITY = YES_AGGRESSIVE;
				CLANG_WARN_UNREACHABLE_CODE = YES;
				CLANG_WARN__DUPLICATE_METHOD_MATCH = YES;
				CODE_SIGN_IDENTITY = "iPhone Developer";
				COPY_PHASE_STRIP = NO;
				DEBUG_INFORMATION_FORMAT = "dwarf-with-dsym";
				ENABLE_NS_ASSERTIONS = NO;
				ENABLE_STRICT_OBJC_MSGSEND = YES;
				GCC_C_LANGUAGE_STANDARD = gnu11;
				GCC_NO_COMMON_BLOCKS = YES;
				GCC_WARN_64_TO_32_BIT_CONVERSION = YES;
				GCC_WARN_ABOUT_RETURN_TYPE = YES_ERROR;
				GCC_WARN_UNDECLARED_SELECTOR = YES;
				GCC_WARN_UNINITIALIZED_AUTOS = YES_AGGRESSIVE;
				GCC_WARN_UNUSED_FUNCTION = YES;
				GCC_WARN_UNUSED_VARIABLE = YES;
				IPHONEOS_DEPLOYMENT_TARGET = 11.2;
				MTL_ENABLE_DEBUG_INFO = NO;
				SDKROOT = iphoneos;
				SWIFT_OPTIMIZATION_LEVEL = "-Owholemodule";
				VALIDATE_PRODUCT = YES;
			};
			name = Release;
		};
		8F53B22620224ECB00C545D1 /* Debug */ = {
			isa = XCBuildConfiguration;
			baseConfigurationReference = 2CB37205C08CCD0A4CF13705 /* Pods-flix.debug.xcconfig */;
			buildSettings = {
				ASSETCATALOG_COMPILER_APPICON_NAME = AppIcon;
				CODE_SIGN_STYLE = Automatic;
				INFOPLIST_FILE = flix/Info.plist;
				LD_RUNPATH_SEARCH_PATHS = "$(inherited) @executable_path/Frameworks";
				PRODUCT_BUNDLE_IDENTIFIER = jiaqihe.flix;
				PRODUCT_NAME = "$(TARGET_NAME)";
				SWIFT_VERSION = 4.0;
				TARGETED_DEVICE_FAMILY = "1,2";
			};
			name = Debug;
		};
		8F53B22720224ECB00C545D1 /* Release */ = {
			isa = XCBuildConfiguration;
			baseConfigurationReference = C7B8289FA83999170E6B182A /* Pods-flix.release.xcconfig */;
			buildSettings = {
				ASSETCATALOG_COMPILER_APPICON_NAME = AppIcon;
				CODE_SIGN_STYLE = Automatic;
				INFOPLIST_FILE = flix/Info.plist;
				LD_RUNPATH_SEARCH_PATHS = "$(inherited) @executable_path/Frameworks";
				PRODUCT_BUNDLE_IDENTIFIER = jiaqihe.flix;
				PRODUCT_NAME = "$(TARGET_NAME)";
				SWIFT_VERSION = 4.0;
				TARGETED_DEVICE_FAMILY = "1,2";
			};
			name = Release;
		};
		8F53B22920224ECB00C545D1 /* Debug */ = {
			isa = XCBuildConfiguration;
			baseConfigurationReference = F569FEBA93F2FCA28836CA02 /* Pods-flixTests.debug.xcconfig */;
			buildSettings = {
				ALWAYS_EMBED_SWIFT_STANDARD_LIBRARIES = YES;
				BUNDLE_LOADER = "$(TEST_HOST)";
				CODE_SIGN_STYLE = Automatic;
				INFOPLIST_FILE = flixTests/Info.plist;
				LD_RUNPATH_SEARCH_PATHS = "$(inherited) @executable_path/Frameworks @loader_path/Frameworks";
				PRODUCT_BUNDLE_IDENTIFIER = jiaqihe.flixTests;
				PRODUCT_NAME = "$(TARGET_NAME)";
				SWIFT_VERSION = 4.0;
				TARGETED_DEVICE_FAMILY = "1,2";
				TEST_HOST = "$(BUILT_PRODUCTS_DIR)/flix.app/flix";
			};
			name = Debug;
		};
		8F53B22A20224ECB00C545D1 /* Release */ = {
			isa = XCBuildConfiguration;
			baseConfigurationReference = FE3E8F6C7BC6819E67428EC7 /* Pods-flixTests.release.xcconfig */;
			buildSettings = {
				ALWAYS_EMBED_SWIFT_STANDARD_LIBRARIES = YES;
				BUNDLE_LOADER = "$(TEST_HOST)";
				CODE_SIGN_STYLE = Automatic;
				INFOPLIST_FILE = flixTests/Info.plist;
				LD_RUNPATH_SEARCH_PATHS = "$(inherited) @executable_path/Frameworks @loader_path/Frameworks";
				PRODUCT_BUNDLE_IDENTIFIER = jiaqihe.flixTests;
				PRODUCT_NAME = "$(TARGET_NAME)";
				SWIFT_VERSION = 4.0;
				TARGETED_DEVICE_FAMILY = "1,2";
				TEST_HOST = "$(BUILT_PRODUCTS_DIR)/flix.app/flix";
			};
			name = Release;
		};
		8F53B22C20224ECB00C545D1 /* Debug */ = {
			isa = XCBuildConfiguration;
			baseConfigurationReference = 266BEC199E6135E68E719FE4 /* Pods-flixUITests.debug.xcconfig */;
			buildSettings = {
				ALWAYS_EMBED_SWIFT_STANDARD_LIBRARIES = YES;
				CODE_SIGN_STYLE = Automatic;
				INFOPLIST_FILE = flixUITests/Info.plist;
				LD_RUNPATH_SEARCH_PATHS = "$(inherited) @executable_path/Frameworks @loader_path/Frameworks";
				PRODUCT_BUNDLE_IDENTIFIER = jiaqihe.flixUITests;
				PRODUCT_NAME = "$(TARGET_NAME)";
				SWIFT_VERSION = 4.0;
				TARGETED_DEVICE_FAMILY = "1,2";
				TEST_TARGET_NAME = flix;
			};
			name = Debug;
		};
		8F53B22D20224ECB00C545D1 /* Release */ = {
			isa = XCBuildConfiguration;
			baseConfigurationReference = E3B659810104EB22001A6C74 /* Pods-flixUITests.release.xcconfig */;
			buildSettings = {
				ALWAYS_EMBED_SWIFT_STANDARD_LIBRARIES = YES;
				CODE_SIGN_STYLE = Automatic;
				INFOPLIST_FILE = flixUITests/Info.plist;
				LD_RUNPATH_SEARCH_PATHS = "$(inherited) @executable_path/Frameworks @loader_path/Frameworks";
				PRODUCT_BUNDLE_IDENTIFIER = jiaqihe.flixUITests;
				PRODUCT_NAME = "$(TARGET_NAME)";
				SWIFT_VERSION = 4.0;
				TARGETED_DEVICE_FAMILY = "1,2";
				TEST_TARGET_NAME = flix;
			};
			name = Release;
		};
/* End XCBuildConfiguration section */

/* Begin XCConfigurationList section */
		8F53B1F820224ECA00C545D1 /* Build configuration list for PBXProject "flix" */ = {
			isa = XCConfigurationList;
			buildConfigurations = (
				8F53B22320224ECB00C545D1 /* Debug */,
				8F53B22420224ECB00C545D1 /* Release */,
			);
			defaultConfigurationIsVisible = 0;
			defaultConfigurationName = Release;
		};
		8F53B22520224ECB00C545D1 /* Build configuration list for PBXNativeTarget "flix" */ = {
			isa = XCConfigurationList;
			buildConfigurations = (
				8F53B22620224ECB00C545D1 /* Debug */,
				8F53B22720224ECB00C545D1 /* Release */,
			);
			defaultConfigurationIsVisible = 0;
			defaultConfigurationName = Release;
		};
		8F53B22820224ECB00C545D1 /* Build configuration list for PBXNativeTarget "flixTests" */ = {
			isa = XCConfigurationList;
			buildConfigurations = (
				8F53B22920224ECB00C545D1 /* Debug */,
				8F53B22A20224ECB00C545D1 /* Release */,
			);
			defaultConfigurationIsVisible = 0;
			defaultConfigurationName = Release;
		};
		8F53B22B20224ECB00C545D1 /* Build configuration list for PBXNativeTarget "flixUITests" */ = {
			isa = XCConfigurationList;
			buildConfigurations = (
				8F53B22C20224ECB00C545D1 /* Debug */,
				8F53B22D20224ECB00C545D1 /* Release */,
			);
			defaultConfigurationIsVisible = 0;
			defaultConfigurationName = Release;
		};
/* End XCConfigurationList section */
	};
	rootObject = 8F53B1F520224ECA00C545D1 /* Project object */;
}
